
Microsoft Visual Studio Solution File, Format Version 12.00
# Visual Studio Version 17
VisualStudioVersion = 17.0.31912.275
MinimumVisualStudioVersion = 10.0.40219.1
Project("{FAE04EC0-301F-11D3-BF4B-00C04F79EFBC}") = "Akordion", "Akordion.csproj", "{4C6F5E64-FC56-4A49-8425-5D765BFDCEDA}"
EndProject
Global
	GlobalSection(SolutionConfigurationPlatforms) = preSolution
		Debug|Any CPU = Debug|Any CPU
		Release|Any CPU = Release|Any CPU
	EndGlobalSection
	GlobalSection(ProjectConfigurationPlatforms) = postSolution
		{4C6F5E64-FC56-4A49-8425-5D765BFDCEDA}.Debug|Any CPU.ActiveCfg = Debug|Any CPU
		{4C6F5E64-FC56-4A49-8425-5D765BFDCEDA}.Debug|Any CPU.Build.0 = Debug|Any CPU
		{4C6F5E64-FC56-4A49-8425-5D765BFDCEDA}.Release|Any CPU.ActiveCfg = Release|Any CPU
		{4C6F5E64-FC56-4A49-8425-5D765BFDCEDA}.Release|Any CPU.Build.0 = Release|Any CPU
	EndGlobalSection
	GlobalSection(SolutionProperties) = preSolution
		HideSolutionNode = FALSE
	EndGlobalSection
	GlobalSection(ExtensibilityGlobals) = postSolution
		SolutionGuid = {E59BFC24-90E2-457C-9BC0-B71DA9F423A2}
	EndGlobalSection
EndGlobal
